{
    "_meta": {
        "hash": {
            "sha256": "f70347431628a3d174d412ecb219640fa208e95fa7e78d6b8e172621840b194f"
        },
        "pipfile-spec": 6,
        "requires": {
            "python_version": "3.11"
        },
        "sources": [
            {
                "name": "pypi",
                "url": "https://pypi.org/simple",
                "verify_ssl": true
            }
        ]
    },
    "default": {
        "anyio": {
            "hashes": [
                "sha256:56a415fbc462291813a94528a779597226619c8e78af7de0507333f700011e5f",
                "sha256:5a0bec7085176715be77df87fc66d6c9d70626bd752fcc85f57cdbee5b3760da"
            ],
            "markers": "python_version >= '3.8'",
            "version": "==4.1.0"
        },
        "beautifulsoup4": {
            "hashes": [
                "sha256:492bbc69dca35d12daac71c4db1bfff0c876c00ef4a2ffacce226d4638eb72da",
                "sha256:bd2520ca0d9d7d12694a53d44ac482d181b4ec1888909b035a3dbf40d0f57d4a"
            ],
            "index": "pypi",
            "markers": "python_full_version >= '3.6.0'",
            "version": "==4.12.2"
        },
        "black": {
            "hashes": [
                "sha256:250d7e60f323fcfc8ea6c800d5eba12f7967400eb6c2d21ae85ad31c204fb1f4",
                "sha256:2a9acad1451632021ee0d146c8765782a0c3846e0e0ea46659d7c4f89d9b212b",
                "sha256:412f56bab20ac85927f3a959230331de5614aecda1ede14b373083f62ec24e6f",
                "sha256:421f3e44aa67138ab1b9bfbc22ee3780b22fa5b291e4db8ab7eee95200726b07",
                "sha256:45aa1d4675964946e53ab81aeec7a37613c1cb71647b5394779e6efb79d6d187",
                "sha256:4c44b7211a3a0570cc097e81135faa5f261264f4dfaa22bd5ee2875a4e773bd6",
                "sha256:4c68855825ff432d197229846f971bc4d6666ce90492e5b02013bcaca4d9ab05",
                "sha256:5133f5507007ba08d8b7b263c7aa0f931af5ba88a29beacc4b2dc23fcefe9c06",
                "sha256:54caaa703227c6e0c87b76326d0862184729a69b73d3b7305b6288e1d830067e",
                "sha256:58e5f4d08a205b11800332920e285bd25e1a75c54953e05502052738fe16b3b5",
                "sha256:698c1e0d5c43354ec5d6f4d914d0d553a9ada56c85415700b81dc90125aac244",
                "sha256:6c1cac07e64433f646a9a838cdc00c9768b3c362805afc3fce341af0e6a9ae9f",
                "sha256:760415ccc20f9e8747084169110ef75d545f3b0932ee21368f63ac0fee86b221",
                "sha256:7f622b6822f02bfaf2a5cd31fdb7cd86fcf33dab6ced5185c35f5db98260b055",
                "sha256:cf57719e581cfd48c4efe28543fea3d139c6b6f1238b3f0102a9c73992cbb479",
                "sha256:d136ef5b418c81660ad847efe0e55c58c8208b77a57a28a503a5f345ccf01394",
                "sha256:dbea0bb8575c6b6303cc65017b46351dc5953eea5c0a59d7b7e3a2d2f433a911",
                "sha256:fc7f6a44d52747e65a02558e1d807c82df1d66ffa80a601862040a43ec2e3142"
            ],
            "index": "pypi",
            "markers": "python_version >= '3.8'",
            "version": "==23.11.0"
        },
        "certifi": {
            "hashes": [
                "sha256:9b469f3a900bf28dc19b8cfbf8019bf47f7fdd1a65a1d4ffb98fc14166beb4d1",
                "sha256:e036ab49d5b79556f99cfc2d9320b34cfbe5be05c5871b51de9329f0603b0474"
            ],
            "markers": "python_version >= '3.6'",
            "version": "==2023.11.17"
        },
        "charset-normalizer": {
            "hashes": [
                "sha256:06cf46bdff72f58645434d467bf5228080801298fbba19fe268a01b4534467f5",
                "sha256:0c8c61fb505c7dad1d251c284e712d4e0372cef3b067f7ddf82a7fa82e1e9a93",
                "sha256:10b8dd31e10f32410751b3430996f9807fc4d1587ca69772e2aa940a82ab571a",
                "sha256:1171ef1fc5ab4693c5d151ae0fdad7f7349920eabbaca6271f95969fa0756c2d",
                "sha256:17a866d61259c7de1bdadef418a37755050ddb4b922df8b356503234fff7932c",
                "sha256:1d6bfc32a68bc0933819cfdfe45f9abc3cae3877e1d90aac7259d57e6e0f85b1",
                "sha256:1ec937546cad86d0dce5396748bf392bb7b62a9eeb8c66efac60e947697f0e58",
                "sha256:223b4d54561c01048f657fa6ce41461d5ad8ff128b9678cfe8b2ecd951e3f8a2",
                "sha256:2465aa50c9299d615d757c1c888bc6fef384b7c4aec81c05a0172b4400f98557",
                "sha256:28f512b9a33235545fbbdac6a330a510b63be278a50071a336afc1b78781b147",
                "sha256:2c092be3885a1b7899cd85ce24acedc1034199d6fca1483fa2c3a35c86e43041",
                "sha256:2c4c99f98fc3a1835af8179dcc9013f93594d0670e2fa80c83aa36346ee763d2",
                "sha256:31445f38053476a0c4e6d12b047b08ced81e2c7c712e5a1ad97bc913256f91b2",
                "sha256:31bbaba7218904d2eabecf4feec0d07469284e952a27400f23b6628439439fa7",
                "sha256:34d95638ff3613849f473afc33f65c401a89f3b9528d0d213c7037c398a51296",
                "sha256:352a88c3df0d1fa886562384b86f9a9e27563d4704ee0e9d56ec6fcd270ea690",
                "sha256:39b70a6f88eebe239fa775190796d55a33cfb6d36b9ffdd37843f7c4c1b5dc67",
                "sha256:3c66df3f41abee950d6638adc7eac4730a306b022570f71dd0bd6ba53503ab57",
                "sha256:3f70fd716855cd3b855316b226a1ac8bdb3caf4f7ea96edcccc6f484217c9597",
                "sha256:3f9bc2ce123637a60ebe819f9fccc614da1bcc05798bbbaf2dd4ec91f3e08846",
                "sha256:3fb765362688821404ad6cf86772fc54993ec11577cd5a92ac44b4c2ba52155b",
                "sha256:45f053a0ece92c734d874861ffe6e3cc92150e32136dd59ab1fb070575189c97",
                "sha256:46fb9970aa5eeca547d7aa0de5d4b124a288b42eaefac677bde805013c95725c",
                "sha256:4cb50a0335382aac15c31b61d8531bc9bb657cfd848b1d7158009472189f3d62",
                "sha256:4e12f8ee80aa35e746230a2af83e81bd6b52daa92a8afaef4fea4a2ce9b9f4fa",
                "sha256:4f3100d86dcd03c03f7e9c3fdb23d92e32abbca07e7c13ebd7ddfbcb06f5991f",
                "sha256:4f6e2a839f83a6a76854d12dbebde50e4b1afa63e27761549d006fa53e9aa80e",
                "sha256:4f861d94c2a450b974b86093c6c027888627b8082f1299dfd5a4bae8e2292821",
                "sha256:501adc5eb6cd5f40a6f77fbd90e5ab915c8fd6e8c614af2db5561e16c600d6f3",
                "sha256:520b7a142d2524f999447b3a0cf95115df81c4f33003c51a6ab637cbda9d0bf4",
                "sha256:548eefad783ed787b38cb6f9a574bd8664468cc76d1538215d510a3cd41406cb",
                "sha256:555fe186da0068d3354cdf4bbcbc609b0ecae4d04c921cc13e209eece7720727",
                "sha256:55602981b2dbf8184c098bc10287e8c245e351cd4fdcad050bd7199d5a8bf514",
                "sha256:58e875eb7016fd014c0eea46c6fa92b87b62c0cb31b9feae25cbbe62c919f54d",
                "sha256:5a3580a4fdc4ac05f9e53c57f965e3594b2f99796231380adb2baaab96e22761",
                "sha256:5b70bab78accbc672f50e878a5b73ca692f45f5b5e25c8066d748c09405e6a55",
                "sha256:5ceca5876032362ae73b83347be8b5dbd2d1faf3358deb38c9c88776779b2e2f",
                "sha256:61f1e3fb621f5420523abb71f5771a204b33c21d31e7d9d86881b2cffe92c47c",
                "sha256:633968254f8d421e70f91c6ebe71ed0ab140220469cf87a9857e21c16687c034",
                "sha256:63a6f59e2d01310f754c270e4a257426fe5a591dc487f1983b3bbe793cf6bac6",
                "sha256:63accd11149c0f9a99e3bc095bbdb5a464862d77a7e309ad5938fbc8721235ae",
                "sha256:6db3cfb9b4fcecb4390db154e75b49578c87a3b9979b40cdf90d7e4b945656e1",
                "sha256:71ef3b9be10070360f289aea4838c784f8b851be3ba58cf796262b57775c2f14",
                "sha256:7ae8e5142dcc7a49168f4055255dbcced01dc1714a90a21f87448dc8d90617d1",
                "sha256:7b6cefa579e1237ce198619b76eaa148b71894fb0d6bcf9024460f9bf30fd228",
                "sha256:800561453acdecedaac137bf09cd719c7a440b6800ec182f077bb8e7025fb708",
                "sha256:82ca51ff0fc5b641a2d4e1cc8c5ff108699b7a56d7f3ad6f6da9dbb6f0145b48",
                "sha256:851cf693fb3aaef71031237cd68699dded198657ec1e76a76eb8be58c03a5d1f",
                "sha256:854cc74367180beb327ab9d00f964f6d91da06450b0855cbbb09187bcdb02de5",
                "sha256:87071618d3d8ec8b186d53cb6e66955ef2a0e4fa63ccd3709c0c90ac5a43520f",
                "sha256:871d045d6ccc181fd863a3cd66ee8e395523ebfbc57f85f91f035f50cee8e3d4",
                "sha256:8aee051c89e13565c6bd366813c386939f8e928af93c29fda4af86d25b73d8f8",
                "sha256:8af5a8917b8af42295e86b64903156b4f110a30dca5f3b5aedea123fbd638bff",
                "sha256:8ec8ef42c6cd5856a7613dcd1eaf21e5573b2185263d87d27c8edcae33b62a61",
                "sha256:91e43805ccafa0a91831f9cd5443aa34528c0c3f2cc48c4cb3d9a7721053874b",
                "sha256:9505dc359edb6a330efcd2be825fdb73ee3e628d9010597aa1aee5aa63442e97",
                "sha256:985c7965f62f6f32bf432e2681173db41336a9c2611693247069288bcb0c7f8b",
                "sha256:9a74041ba0bfa9bc9b9bb2cd3238a6ab3b7618e759b41bd15b5f6ad958d17605",
                "sha256:9edbe6a5bf8b56a4a84533ba2b2f489d0046e755c29616ef8830f9e7d9cf5728",
                "sha256:a15c1fe6d26e83fd2e5972425a772cca158eae58b05d4a25a4e474c221053e2d",
                "sha256:a66bcdf19c1a523e41b8e9d53d0cedbfbac2e93c649a2e9502cb26c014d0980c",
                "sha256:ae4070f741f8d809075ef697877fd350ecf0b7c5837ed68738607ee0a2c572cf",
                "sha256:ae55d592b02c4349525b6ed8f74c692509e5adffa842e582c0f861751701a673",
                "sha256:b578cbe580e3b41ad17b1c428f382c814b32a6ce90f2d8e39e2e635d49e498d1",
                "sha256:b891a2f68e09c5ef989007fac11476ed33c5c9994449a4e2c3386529d703dc8b",
                "sha256:baec8148d6b8bd5cee1ae138ba658c71f5b03e0d69d5907703e3e1df96db5e41",
                "sha256:bb06098d019766ca16fc915ecaa455c1f1cd594204e7f840cd6258237b5079a8",
                "sha256:bc791ec3fd0c4309a753f95bb6c749ef0d8ea3aea91f07ee1cf06b7b02118f2f",
                "sha256:bd28b31730f0e982ace8663d108e01199098432a30a4c410d06fe08fdb9e93f4",
                "sha256:be4d9c2770044a59715eb57c1144dedea7c5d5ae80c68fb9959515037cde2008",
                "sha256:c0c72d34e7de5604df0fde3644cc079feee5e55464967d10b24b1de268deceb9",
                "sha256:c0e842112fe3f1a4ffcf64b06dc4c61a88441c2f02f373367f7b4c1aa9be2ad5",
                "sha256:c15070ebf11b8b7fd1bfff7217e9324963c82dbdf6182ff7050519e350e7ad9f",
                "sha256:c2000c54c395d9e5e44c99dc7c20a64dc371f777faf8bae4919ad3e99ce5253e",
                "sha256:c30187840d36d0ba2893bc3271a36a517a717f9fd383a98e2697ee890a37c273",
                "sha256:cb7cd68814308aade9d0c93c5bd2ade9f9441666f8ba5aa9c2d4b389cb5e2a45",
                "sha256:cd805513198304026bd379d1d516afbf6c3c13f4382134a2c526b8b854da1c2e",
                "sha256:d0bf89afcbcf4d1bb2652f6580e5e55a840fdf87384f6063c4a4f0c95e378656",
                "sha256:d9137a876020661972ca6eec0766d81aef8a5627df628b664b234b73396e727e",
                "sha256:dbd95e300367aa0827496fe75a1766d198d34385a58f97683fe6e07f89ca3e3c",
                "sha256:dced27917823df984fe0c80a5c4ad75cf58df0fbfae890bc08004cd3888922a2",
                "sha256:de0b4caa1c8a21394e8ce971997614a17648f94e1cd0640fbd6b4d14cab13a72",
                "sha256:debb633f3f7856f95ad957d9b9c781f8e2c6303ef21724ec94bea2ce2fcbd056",
                "sha256:e372d7dfd154009142631de2d316adad3cc1c36c32a38b16a4751ba78da2a397",
                "sha256:ecd26be9f112c4f96718290c10f4caea6cc798459a3a76636b817a0ed7874e42",
                "sha256:edc0202099ea1d82844316604e17d2b175044f9bcb6b398aab781eba957224bd",
                "sha256:f194cce575e59ffe442c10a360182a986535fd90b57f7debfaa5c845c409ecc3",
                "sha256:f5fb672c396d826ca16a022ac04c9dce74e00a1c344f6ad1a0fdc1ba1f332213",
                "sha256:f6a02a3c7950cafaadcd46a226ad9e12fc9744652cc69f9e5534f98b47f3bbcf",
                "sha256:fe81b35c33772e56f4b6cf62cf4aedc1762ef7162a31e6ac7fe5e40d0149eb67"
            ],
            "markers": "python_full_version >= '3.7.0'",
            "version": "==3.3.1"
        },
        "click": {
            "hashes": [
                "sha256:ae74fb96c20a0277a1d615f1e4d73c8414f5a98db8b799a7931d1582f3390c28",
                "sha256:ca9853ad459e787e2192211578cc907e7594e294c7ccc834310722b41b9ca6de"
            ],
            "markers": "python_version >= '3.7'",
            "version": "==8.1.7"
        },
        "h11": {
            "hashes": [
                "sha256:8f19fbbe99e72420ff35c00b27a34cb9937e902a8b810e2c88300c6f0a3b699d",
                "sha256:e3fe4ac4b851c468cc8363d500db52c2ead036020723024a109d37346efaa761"
            ],
            "markers": "python_version >= '3.7'",
            "version": "==0.14.0"
        },
        "httpcore": {
            "hashes": [
                "sha256:096cc05bca73b8e459a1fc3dcf585148f63e534eae4339559c9b8a8d6399acc7",
                "sha256:9fc092e4799b26174648e54b74ed5f683132a464e95643b226e00c2ed2fa6535"
            ],
            "markers": "python_version >= '3.8'",
            "version": "==1.0.2"
        },
        "httpx": {
            "hashes": [
                "sha256:8b8fcaa0c8ea7b05edd69a094e63a2094c4efcb48129fb757361bc423c0ad9e8",
                "sha256:a05d3d052d9b2dfce0e3896636467f8a5342fb2b902c819428e1ac65413ca118"
            ],
            "markers": "python_version >= '3.8'",
            "version": "==0.25.2"
        },
        "hyperframe": {
            "hashes": [
                "sha256:0ec6bafd80d8ad2195c4f03aacba3a8265e57bc4cff261e802bf39970ed02a15",
                "sha256:ae510046231dc8e9ecb1a6586f63d2347bf4c8905914aa84ba585ae85f28a914"
            ],
            "index": "pypi",
            "markers": "python_full_version >= '3.6.1'",
            "version": "==6.0.1"
        },
        "idna": {
            "hashes": [
                "sha256:9ecdbbd083b06798ae1e86adcbfe8ab1479cf864e4ee30fe4e46a003d12491ca",
                "sha256:c05567e9c24a6b9faaa835c4821bad0590fbb9d5779e7caa6e1cc4978e7eb24f"
            ],
            "markers": "python_version >= '3.5'",
            "version": "==3.6"
        },
        "isort": {
            "hashes": [
                "sha256:8bef7dde241278824a6d83f44a544709b065191b95b6e50894bdc722fcba0504",
                "sha256:f84c2818376e66cf843d497486ea8fed8700b340f308f076c6fb1229dff318b6"
            ],
            "index": "pypi",
            "markers": "python_full_version >= '3.8.0'",
            "version": "==5.12.0"
        },
        "lxml": {
            "hashes": [
                "sha256:016de3b29a262655fc3d2075dc1b2611f84f4c3d97a71d579c883d45e201eee4",
                "sha256:0326e9b8176ea77269fb39e7af4010906e73e9496a9f8eaf06d253b1b1231ceb",
                "sha256:03290e2f714f2e7431c8430c08b48167f657da7bc689c6248e828ff3c66d5b1b",
                "sha256:049fef98d02513c34f5babd07569fc1cf1ed14c0f2fbff18fe72597f977ef3c2",
                "sha256:07a900735bad9af7be3085480bf384f68ed5580ba465b39a098e6a882c060d6b",
                "sha256:0d277d4717756fe8816f0beeff229cb72f9dd02a43b70e1d3f07c8efadfb9fe1",
                "sha256:173bcead3af5d87c7bca9a030675073ddaad8e0a9f0b04be07cd9390453e7226",
                "sha256:1ef0793e1e2dd221fce7c142177008725680f7b9e4a184ab108d90d5d3ab69b7",
                "sha256:21af2c3862db6f4f486cddf73ec1157b40d5828876c47cd880edcbad8240ea1b",
                "sha256:2219cbf790e701acf9a21a31ead75f983e73daf0eceb9da6990212e4d20ebefe",
                "sha256:2992591e2294bb07faf7f5f6d5cb60710c046404f4bfce09fb488b85d2a8f58f",
                "sha256:3663542aee845129a981889c19b366beab0b1dadcf5ca164696aabfe1aa51667",
                "sha256:3e6cbb68bf70081f036bfc018649cf4b46c4e7eaf7860a277cae92dee2a57f69",
                "sha256:3f908afd0477cace17f941d1b9cfa10b769fe1464770abe4cfb3d9f35378d0f8",
                "sha256:3ffa066db40b0347e48334bd4465de768e295a3525b9a59831228b5f4f93162d",
                "sha256:405e3760f83a8ba3bdb6e622ec79595cdc20db916ce37377bbcb95b5711fa4ca",
                "sha256:44fa9afd632210f1eeda51cf284ed8dbab0c7ec8b008dd39ba02818e0e114e69",
                "sha256:4786b0af7511ea614fd86407a52a7bc161aa5772d311d97df2591ed2351de768",
                "sha256:4a45a278518e4308865c1e9dbb2c42ce84fb154efb03adeb16fdae3c1687c7c9",
                "sha256:4b9d5b01900a760eb3acf6cef50aead4ef2fa79e7ddb927084244e41dfe37b65",
                "sha256:4e69c36c8618707a90ed3fb6f48a6cc9254ffcdbf7b259e439a5ae5fbf9c5206",
                "sha256:52a9ab31853d3808e7cf0183b3a5f7e8ffd622ea4aee1deb5252dbeaefd5b40d",
                "sha256:52c0acc2f29b0a204efc11a5ed911a74f50a25eb7d7d5069c2b1fd3b3346ce11",
                "sha256:5382612ba2424cea5d2c89e2c29077023d8de88f8d60d5ceff5f76334516df9e",
                "sha256:581a78f299a9f5448b2c3aea904bfcd17c59bf83016d221d7f93f83633bb2ab2",
                "sha256:583c0e15ae06adc81035346ae2abb2e748f0b5197e7740d8af31222db41bbf7b",
                "sha256:59cea9ba1c675fbd6867ca1078fc717a113e7f5b7644943b74137b7cc55abebf",
                "sha256:5b39f63edbe7e018c2ac1cf0259ee0dd2355274e8a3003d404699b040782e55e",
                "sha256:5eff173f0ff408bfa578cbdafd35a7e0ca94d1a9ffe09a8a48e0572d0904d486",
                "sha256:5fb988e15378d6e905ca8f60813950a0c56da9469d0e8e5d8fe785b282684ec5",
                "sha256:6507c58431dbd95b50654b3313c5ad54f90e54e5f2cdacf733de61eae478eec5",
                "sha256:6a2de85deabf939b0af89e2e1ea46bfb1239545e2da6f8ac96522755a388025f",
                "sha256:6a5501438dd521bb7e0dde5008c40c7bfcfaafaf86eccb3f9bd27509abb793da",
                "sha256:6bba06d8982be0f0f6432d289a8d104417a0ab9ed04114446c4ceb6d4a40c65d",
                "sha256:70ab4e02f7aa5fb4131c8b222a111ce7676f3767e36084fba3a4e7338dc82dcd",
                "sha256:7188495c1bf71bfda87d78ed50601e72d252119ce11710d6e71ff36e35fea5a0",
                "sha256:71a7cee869578bc17b18050532bb2f0bc682a7b97dda77041741a1bd2febe6c7",
                "sha256:73bfab795d354aaf2f4eb7a5b0db513031734fd371047342d5803834ce19ec18",
                "sha256:766868f729f3ab84125350f1a0ea2594d8b1628a608a574542a5aff7355b9941",
                "sha256:77b73952534967a4497d9e4f26fbeebfba19950cbc66b7cc3a706214429d8106",
                "sha256:78d6d8e5b54ed89dc0f0901eaaa579c384ad8d59fa43cc7fb06e9bb89115f8f4",
                "sha256:793be9b4945c2dfd69828fb5948d7d9569b78e0599e4a2e88d92affeb0ff3aa3",
                "sha256:7ba26a7dc929a1b3487d51bbcb0099afed2fc06e891b82845c8f37a2d7d7fbbd",
                "sha256:7df433d08d4587dc3932f7fcfc3194519a6824824104854e76441fd3bc000d29",
                "sha256:80209b31dd3908bc5b014f540fd192c97ea52ab179713a730456c5baf7ce80c1",
                "sha256:8134d5441d1ed6a682e3de3d7a98717a328dce619ee9c4c8b3b91f0cb0eb3e28",
                "sha256:81509dffd8aba3bdb43e90cbd218c9c068a1f4047d97bc9546b3ac9e3a4ae81d",
                "sha256:88f559f8beb6b90e41a7faae4aca4c8173a4819874a9bf8e74c8d7c1d51f3162",
                "sha256:894c5f71186b410679aaab5774543fcb9cbabe8893f0b31d11cf28a0740e80be",
                "sha256:8cc0a951e5616ac626f7036309c41fb9774adcd4aa7db0886463da1ce5b65edb",
                "sha256:8ce8b468ab50f9e944719d1134709ec11fe0d2840891a6cae369e22141b1094c",
                "sha256:904d36165848b59c4e04ae5b969072e602bd987485076fca8ec42c6cd7a7aedc",
                "sha256:96095bfc0c02072fc89afa67626013a253596ea5118b8a7f4daaae049dafa096",
                "sha256:980ba47c8db4b9d870014c7040edb230825b79017a6a27aa54cdb6fcc02d8cc0",
                "sha256:992029258ed719f130d5a9c443d142c32843046f1263f2c492862b2a853be570",
                "sha256:99cad5c912f359e59e921689c04e54662cdd80835d80eeaa931e22612f515df7",
                "sha256:9b59c429e1a2246da86ae237ffc3565efcdc71c281cd38ca8b44d5fb6a3b993a",
                "sha256:9ca498f8554a09fbc3a2f8fc4b23261e07bc27bef99b3df98e2570688033f6fc",
                "sha256:9cd3d6c2c67d4fdcd795e4945e2ba5434909c96640b4cc09453bd0dc7e8e1bac",
                "sha256:a85136d0ee18a41c91cc3e2844c683be0e72e6dda4cb58da9e15fcaef3726af7",
                "sha256:ac21aace6712472e77ea9dfc38329f53830c4259ece54c786107105ebb069053",
                "sha256:aebd8fd378e074b22e79cad329dcccd243c40ff1cafaa512d19276c5bb9554e1",
                "sha256:affdd833f82334fdb10fc9a1c7b35cdb5a86d0b672b4e14dd542e1fe7bcea894",
                "sha256:b6d4e148edee59c2ad38af15810dbcb8b5d7b13e5de3509d8cf3edfe74c0adca",
                "sha256:bb58e8f4b2cfe012cd312239b8d5139995fe8f5945c7c26d5fbbbb1ddb9acd47",
                "sha256:bfdc4668ac56687a89ca3eca44231144a2e9d02ba3b877558db74ba20e2bd9fa",
                "sha256:c1249aa4eaced30b59ecf8b8cae0b1ccede04583c74ca7d10b6f8bbead908b2c",
                "sha256:c7cfb6af73602c8d288581df8a225989d7e9d5aab0a174be0e19fcfa800b6797",
                "sha256:c7fe19abb3d3c55a9e65d289b12ad73b3a31a3f0bda3c539a890329ae9973bd6",
                "sha256:c8954da15403db1acfc0544b3c3f963a6ef4e428283ab6555e3e298bbbff1cf6",
                "sha256:c90c593aa8dd57d5dab0ef6d7d64af894008971d98e6a41b320fdd75258fbc6e",
                "sha256:cb564bbe55ff0897d9cf1225041a44576d7ae87f06fd60163544c91de2623d3f",
                "sha256:cfa8a4cdc3765574b7fd0c7cfa5fbd1e2108014c9dfd299c679e5152bea9a55e",
                "sha256:d1bb64646480c36a4aa1b6a44a5b6e33d0fcbeab9f53f1b39072cd3bb2c6243a",
                "sha256:dac2733fe4e159b0aae0439db6813b7b1d23ff96d0b34c0107b87faf79208c4e",
                "sha256:db40e85cffd22f7d65dcce30e85af565a66401a6ed22fc0c56ed342cfa4ffc43",
                "sha256:dd39ef87fd1f7bb5c4aa53454936e6135cbfe03fe3744e8218be193f9e4fef16",
                "sha256:de1a8b54170024cf1c0c2718c82412bca42cd82e390556e3d8031af9541b416f",
                "sha256:e675a4b95208e74c34ac0751cc4bab9170e7728b61601fb0f4746892c2bb7e0b",
                "sha256:e6bb39d91bf932e7520cb5718ae3c2f498052aca53294d5d59fdd9068fe1a7f2",
                "sha256:e8c63f5c7d87e7044880b01851ac4e863c3349e6f6b6ab456fe218d9346e816d",
                "sha256:ea56825c1e23c9c8ea385a191dac75f9160477057285b88c88736d9305e6118f",
                "sha256:ee60f33456ff34b2dd1d048a740a2572798356208e4c494301c931de3a0ab3a2",
                "sha256:f15844a1b93dcaa09c2b22e22a73384f3ae4502347c3881cfdd674e14ac04e21",
                "sha256:f298ac9149037d6a3d5c74991bded39ac46292520b9c7c182cb102486cc87677",
                "sha256:f30e697b6215e759d0824768b2c5b0618d2dc19abe6c67eeed2b0460f52470d1",
                "sha256:f92d73faa0b1a76d1932429d684b7ce95829e93c3eef3715ec9b98ab192c9d31",
                "sha256:fef10f27d6318d2d7c88680e113511ddecf09ee4f9559b3623b73ee89fa8f6cc"
            ],
            "index": "pypi",
            "markers": "python_version >= '2.7' and python_version not in '3.0, 3.1, 3.2, 3.3, 3.4'",
            "version": "==5.0.0"
        },
        "mypy-extensions": {
            "hashes": [
                "sha256:4392f6c0eb8a5668a69e23d168ffa70f0be9ccfd32b5cc2d26a34ae5b844552d",
                "sha256:75dbf8955dc00442a438fc4d0666508a9a97b6bd41aa2f0ffe9d2f2725af0782"
            ],
            "markers": "python_version >= '3.5'",
            "version": "==1.0.0"
        },
        "numpy": {
            "hashes": [
                "sha256:06fa1ed84aa60ea6ef9f91ba57b5ed963c3729534e6e54055fc151fad0423f0a",
                "sha256:174a8880739c16c925799c018f3f55b8130c1f7c8e75ab0a6fa9d41cab092fd6",
                "sha256:1a13860fdcd95de7cf58bd6f8bc5a5ef81c0b0625eb2c9a783948847abbef2c2",
                "sha256:1cc3d5029a30fb5f06704ad6b23b35e11309491c999838c31f124fee32107c79",
                "sha256:22f8fc02fdbc829e7a8c578dd8d2e15a9074b630d4da29cda483337e300e3ee9",
                "sha256:26c9d33f8e8b846d5a65dd068c14e04018d05533b348d9eaeef6c1bd787f9919",
                "sha256:2b3fca8a5b00184828d12b073af4d0fc5fdd94b1632c2477526f6bd7842d700d",
                "sha256:2beef57fb031dcc0dc8fa4fe297a742027b954949cabb52a2a376c144e5e6060",
                "sha256:36340109af8da8805d8851ef1d74761b3b88e81a9bd80b290bbfed61bd2b4f75",
                "sha256:3703fc9258a4a122d17043e57b35e5ef1c5a5837c3db8be396c82e04c1cf9b0f",
                "sha256:3ced40d4e9e18242f70dd02d739e44698df3dcb010d31f495ff00a31ef6014fe",
                "sha256:4a06263321dfd3598cacb252f51e521a8cb4b6df471bb12a7ee5cbab20ea9167",
                "sha256:4eb8df4bf8d3d90d091e0146f6c28492b0be84da3e409ebef54349f71ed271ef",
                "sha256:5d5244aabd6ed7f312268b9247be47343a654ebea52a60f002dc70c769048e75",
                "sha256:64308ebc366a8ed63fd0bf426b6a9468060962f1a4339ab1074c228fa6ade8e3",
                "sha256:6a3cdb4d9c70e6b8c0814239ead47da00934666f668426fc6e94cce869e13fd7",
                "sha256:854ab91a2906ef29dc3925a064fcd365c7b4da743f84b123002f6139bcb3f8a7",
                "sha256:94cc3c222bb9fb5a12e334d0479b97bb2df446fbe622b470928f5284ffca3f8d",
                "sha256:96ca5482c3dbdd051bcd1fce8034603d6ebfc125a7bd59f55b40d8f5d246832b",
                "sha256:a2bbc29fcb1771cd7b7425f98b05307776a6baf43035d3b80c4b0f29e9545186",
                "sha256:a4cd6ed4a339c21f1d1b0fdf13426cb3b284555c27ac2f156dfdaaa7e16bfab0",
                "sha256:aa18428111fb9a591d7a9cc1b48150097ba6a7e8299fb56bdf574df650e7d1f1",
                "sha256:aa317b2325f7aa0a9471663e6093c210cb2ae9c0ad824732b307d2c51983d5b6",
                "sha256:b04f5dc6b3efdaab541f7857351aac359e6ae3c126e2edb376929bd3b7f92d7e",
                "sha256:b272d4cecc32c9e19911891446b72e986157e6a1809b7b56518b4f3755267523",
                "sha256:b361d369fc7e5e1714cf827b731ca32bff8d411212fccd29ad98ad622449cc36",
                "sha256:b96e7b9c624ef3ae2ae0e04fa9b460f6b9f17ad8b4bec6d7756510f1f6c0c841",
                "sha256:baf8aab04a2c0e859da118f0b38617e5ee65d75b83795055fb66c0d5e9e9b818",
                "sha256:bcc008217145b3d77abd3e4d5ef586e3bdfba8fe17940769f8aa09b99e856c00",
                "sha256:bd3f0091e845164a20bd5a326860c840fe2af79fa12e0469a12768a3ec578d80",
                "sha256:cc392fdcbd21d4be6ae1bb4475a03ce3b025cd49a9be5345d76d7585aea69440",
                "sha256:d73a3abcac238250091b11caef9ad12413dab01669511779bc9b29261dd50210",
                "sha256:f43740ab089277d403aa07567be138fc2a89d4d9892d113b76153e0e412409f8",
                "sha256:f65738447676ab5777f11e6bbbdb8ce11b785e105f690bc45966574816b6d3ea",
                "sha256:f79b231bf5c16b1f39c7f4875e1ded36abee1591e98742b05d8a0fb55d8a3eec",
                "sha256:fe6b44fb8fcdf7eda4ef4461b97b3f63c466b27ab151bec2366db8b197387841"
            ],
            "markers": "python_version == '3.11'",
            "version": "==1.26.2"
        },
        "packaging": {
            "hashes": [
                "sha256:048fb0e9405036518eaaf48a55953c750c11e1a1b68e0dd1a9d62ed0c092cfc5",
                "sha256:8c491190033a9af7e1d931d0b5dacc2ef47509b34dd0de67ed209b5203fc88c7"
            ],
            "markers": "python_version >= '3.7'",
            "version": "==23.2"
        },
        "pandas": {
            "hashes": [
                "sha256:00028e6737c594feac3c2df15636d73ace46b8314d236100b57ed7e4b9ebe8d9",
                "sha256:0aa6e92e639da0d6e2017d9ccff563222f4eb31e4b2c3cf32a2a392fc3103c0d",
                "sha256:1ebfd771110b50055712b3b711b51bee5d50135429364d0498e1213a7adc2be8",
                "sha256:294d96cfaf28d688f30c918a765ea2ae2e0e71d3536754f4b6de0ea4a496d034",
                "sha256:3f06bda01a143020bad20f7a85dd5f4a1600112145f126bc9e3e42077c24ef34",
                "sha256:426dc0f1b187523c4db06f96fb5c8d1a845e259c99bda74f7de97bd8a3bb3139",
                "sha256:45d63d2a9b1b37fa6c84a68ba2422dc9ed018bdaa668c7f47566a01188ceeec1",
                "sha256:482d5076e1791777e1571f2e2d789e940dedd927325cc3cb6d0800c6304082f6",
                "sha256:6b728fb8deba8905b319f96447a27033969f3ea1fea09d07d296c9030ab2ed1d",
                "sha256:8a706cfe7955c4ca59af8c7a0517370eafbd98593155b48f10f9811da440248b",
                "sha256:8ea107e0be2aba1da619cc6ba3f999b2bfc9669a83554b1904ce3dd9507f0860",
                "sha256:ab5796839eb1fd62a39eec2916d3e979ec3130509930fea17fe6f81e18108f6a",
                "sha256:b0513a132a15977b4a5b89aabd304647919bc2169eac4c8536afb29c07c23540",
                "sha256:b7d852d16c270e4331f6f59b3e9aa23f935f5c4b0ed2d0bc77637a8890a5d092",
                "sha256:bd7d5f2f54f78164b3d7a40f33bf79a74cdee72c31affec86bfcabe7e0789821",
                "sha256:bdec823dc6ec53f7a6339a0e34c68b144a7a1fd28d80c260534c39c62c5bf8c9",
                "sha256:d2d3e7b00f703aea3945995ee63375c61b2e6aa5aa7871c5d622870e5e137623",
                "sha256:d65148b14788b3758daf57bf42725caa536575da2b64df9964c563b015230984",
                "sha256:d797591b6846b9db79e65dc2d0d48e61f7db8d10b2a9480b4e3faaddc421a171",
                "sha256:dc9bf7ade01143cddc0074aa6995edd05323974e6e40d9dbde081021ded8510e",
                "sha256:e9f17f2b6fc076b2a0078862547595d66244db0f41bf79fc5f64a5c4d635bead",
                "sha256:edbaf9e8d3a63a9276d707b4d25930a262341bca9874fcb22eff5e3da5394732",
                "sha256:f237e6ca6421265643608813ce9793610ad09b40154a3344a088159590469e46",
                "sha256:f69b0c9bb174a2342818d3e2778584e18c740d56857fc5cdb944ec8bbe4082cf",
                "sha256:fcb68203c833cc735321512e13861358079a96c174a61f5116a1de89c58c0ef7"
            ],
            "index": "pypi",
            "markers": "python_version >= '3.9'",
            "version": "==2.1.4"
        },
        "pathspec": {
            "hashes": [
                "sha256:1d6ed233af05e679efb96b1851550ea95bbb64b7c490b0f5aa52996c11e92a20",
                "sha256:e0d8d0ac2f12da61956eb2306b69f9469b42f4deb0f3cb6ed47b9cce9996ced3"
            ],
            "markers": "python_version >= '3.7'",
            "version": "==0.11.2"
        },
        "platformdirs": {
            "hashes": [
                "sha256:118c954d7e949b35437270383a3f2531e99dd93cf7ce4dc8340d3356d30f173b",
                "sha256:cb633b2bcf10c51af60beb0ab06d2f1d69064b43abf4c185ca6b28865f3f9731"
            ],
            "markers": "python_version >= '3.7'",
            "version": "==4.0.0"
        },
        "python-dateutil": {
            "hashes": [
                "sha256:0123cacc1627ae19ddf3c27a5de5bd67ee4586fbdd6440d9748f8abb483d3e86",
                "sha256:961d03dc3453ebbc59dbdea9e4e11c5651520a876d0f4db161e8674aae935da9"
            ],
            "markers": "python_version >= '2.7' and python_version not in '3.0, 3.1, 3.2, 3.3'",
            "version": "==2.8.2"
        },
        "python-telegram-bot": {
            "hashes": [
                "sha256:462326c65671c8c39e76c8c96756ee918be6797d225f8db84d2ec0f883383b8c",
                "sha256:4f146c39de5f5e0b3723c2abedaf78046ebd30a6a49d2281ee4b3af5eb116b68"
            ],
            "index": "pypi",
            "markers": "python_version >= '3.8'",
            "version": "==20.7"
        },
        "pytz": {
            "hashes": [
                "sha256:7b4fddbeb94a1eba4b557da24f19fdf9db575192544270a9101d8509f9f43d7b",
                "sha256:ce42d816b81b68506614c11e8937d3aa9e41007ceb50bfdcb0749b921bf646c7"
            ],
            "version": "==2023.3.post1"
        },
        "requests": {
            "hashes": [
                "sha256:58cd2187c01e70e6e26505bca751777aa9f2ee0b7f4300988b709f44e013003f",
                "sha256:942c5a758f98d790eaed1a29cb6eefc7ffb0d1cf7af05c3d2791656dbd6ad1e1"
            ],
            "index": "pypi",
            "markers": "python_version >= '3.7'",
            "version": "==2.31.0"
        },
        "schedule": {
            "hashes": [
                "sha256:14cdeb083a596aa1de6dc77639a1b2ac8bf6eaafa82b1c9279d3612823063d01",
                "sha256:843bc0538b99c93f02b8b50e3e39886c06f2d003b24f48e1aa4cadfa3f341279"
            ],
            "index": "pypi",
            "markers": "python_version >= '3.7'",
            "version": "==1.2.1"
        },
        "six": {
            "hashes": [
                "sha256:1e61c37477a1626458e36f7b1d82aa5c9b094fa4802892072e49de9c60c4c926",
                "sha256:8abb2f1d86890a2dfb989f9a77cfcfd3e47c2a354b01111771326f8aa26e0254"
            ],
            "markers": "python_version >= '2.7' and python_version not in '3.0, 3.1, 3.2, 3.3'",
            "version": "==1.16.0"
        },
        "sniffio": {
            "hashes": [
                "sha256:e60305c5e5d314f5389259b7f22aaa33d8f7dee49763119234af3755c55b9101",
                "sha256:eecefdce1e5bbfb7ad2eeaabf7c1eeb404d7757c379bd1f7e5cce9d8bf425384"
            ],
            "markers": "python_version >= '3.7'",
            "version": "==1.3.0"
        },
        "soupsieve": {
            "hashes": [
                "sha256:5663d5a7b3bfaeee0bc4372e7fc48f9cff4940b3eec54a6451cc5299f1097690",
                "sha256:eaa337ff55a1579b6549dc679565eac1e3d000563bcb1c8ab0d0fefbc0c2cdc7"
            ],
            "markers": "python_version >= '3.8'",
            "version": "==2.5"
        },
        "tzdata": {
            "hashes": [
                "sha256:11ef1e08e54acb0d4f95bdb1be05da659673de4acbd21bf9c69e94cc5e907a3a",
                "sha256:7e65763eef3120314099b6939b5546db7adce1e7d6f2e179e3df563c70511eda"
            ],
            "markers": "python_version >= '2'",
            "version": "==2023.3"
        },
        "urllib3": {
            "hashes": [
                "sha256:c97dfde1f7bd43a71c8d2a58e369e9b2bf692d1334ea9f9cae55add7d0dd0f84",
                "sha256:fdb6d215c776278489906c2f8916e6e7d4f5a9b602ccbcfdf7f016fc8da0596e"
            ],
            "markers": "python_version >= '3.7'",
            "version": "==2.0.7"
        }
    },
    "develop": {}
}
